// !$*UTF8*$!
{
	archiveVersion = 1;
	classes = {
	};
	objectVersion = 46;
	objects = {

/* Begin PBXBuildFile section */
		8237872A1CC93CCC00D53CB0 /* main.m in Sources */ = {isa = PBXBuildFile; fileRef = 823787291CC93CCC00D53CB0 /* main.m */; };
		8237872D1CC93CCC00D53CB0 /* AppDelegate.m in Sources */ = {isa = PBXBuildFile; fileRef = 8237872C1CC93CCC00D53CB0 /* AppDelegate.m */; };
		823787301CC93CCC00D53CB0 /* ViewController.m in Sources */ = {isa = PBXBuildFile; fileRef = 8237872F1CC93CCC00D53CB0 /* ViewController.m */; };
		823787331CC93CCC00D53CB0 /* Main.storyboard in Resources */ = {isa = PBXBuildFile; fileRef = 823787311CC93CCC00D53CB0 /* Main.storyboard */; };
		823787351CC93CCC00D53CB0 /* Assets.xcassets in Resources */ = {isa = PBXBuildFile; fileRef = 823787341CC93CCC00D53CB0 /* Assets.xcassets */; };
		823787381CC93CCC00D53CB0 /* LaunchScreen.storyboard in Resources */ = {isa = PBXBuildFile; fileRef = 823787361CC93CCC00D53CB0 /* LaunchScreen.storyboard */; };
		D3DB7ADB1CE62AF100D2C611 /* JRMAudioPlayer.m in Sources */ = {isa = PBXBuildFile; fileRef = D3DB7ADA1CE62AF100D2C611 /* JRMAudioPlayer.m */; };
		D3DB7ADE1CE62F7D00D2C611 /* layer_1.mp3 in Resources */ = {isa = PBXBuildFile; fileRef = D3DB7ADD1CE62F7D00D2C611 /* layer_1.mp3 */; };
		D3F17E511CE63B92007C805E /* layer_2.mp3 in Resources */ = {isa = PBXBuildFile; fileRef = D3F17E4F1CE63B92007C805E /* layer_2.mp3 */; };
		D3F17E521CE63B92007C805E /* layer_3.mp3 in Resources */ = {isa = PBXBuildFile; fileRef = D3F17E501CE63B92007C805E /* layer_3.mp3 */; };
/* End PBXBuildFile section */

/* Begin PBXFileReference section */
		39DCEE5B4A8EC2675D795837 /* Pods.debug.xcconfig */ = {isa = PBXFileReference; includeInIndex = 1; lastKnownFileType = text.xcconfig; name = Pods.debug.xcconfig; path = "Pods/Target Support Files/Pods/Pods.debug.xcconfig"; sourceTree = "<group>"; };
		51AAFDDC823A080AEF20FBD8 /* Pods.release.xcconfig */ = {isa = PBXFileReference; includeInIndex = 1; lastKnownFileType = text.xcconfig; name = Pods.release.xcconfig; path = "Pods/Target Support Files/Pods/Pods.release.xcconfig"; sourceTree = "<group>"; };
		66B3A59D2688D30F2FE5D279 /* libPods.a */ = {isa = PBXFileReference; explicitFileType = archive.ar; includeInIndex = 0; path = libPods.a; sourceTree = BUILT_PRODUCTS_DIR; };
		823787251CC93CCC00D53CB0 /* JRMBluefruit.app */ = {isa = PBXFileReference; explicitFileType = wrapper.application; includeInIndex = 0; path = JRMBluefruit.app; sourceTree = BUILT_PRODUCTS_DIR; };
		823787291CC93CCC00D53CB0 /* main.m */ = {isa = PBXFileReference; lastKnownFileType = sourcecode.c.objc; path = main.m; sourceTree = "<group>"; };
		8237872B1CC93CCC00D53CB0 /* AppDelegate.h */ = {isa = PBXFileReference; lastKnownFileType = sourcecode.c.h; path = AppDelegate.h; sourceTree = "<group>"; };
		8237872C1CC93CCC00D53CB0 /* AppDelegate.m */ = {isa = PBXFileReference; lastKnownFileType = sourcecode.c.objc; path = AppDelegate.m; sourceTree = "<group>"; };
		8237872E1CC93CCC00D53CB0 /* ViewController.h */ = {isa = PBXFileReference; lastKnownFileType = sourcecode.c.h; path = ViewController.h; sourceTree = "<group>"; };
		8237872F1CC93CCC00D53CB0 /* ViewController.m */ = {isa = PBXFileReference; lastKnownFileType = sourcecode.c.objc; path = ViewController.m; sourceTree = "<group>"; };
		823787321CC93CCC00D53CB0 /* Base */ = {isa = PBXFileReference; lastKnownFileType = file.storyboard; name = Base; path = Base.lproj/Main.storyboard; sourceTree = "<group>"; };
		823787341CC93CCC00D53CB0 /* Assets.xcassets */ = {isa = PBXFileReference; lastKnownFileType = folder.assetcatalog; path = Assets.xcassets; sourceTree = "<group>"; };
		823787371CC93CCC00D53CB0 /* Base */ = {isa = PBXFileReference; lastKnownFileType = file.storyboard; name = Base; path = Base.lproj/LaunchScreen.storyboard; sourceTree = "<group>"; };
		823787391CC93CCC00D53CB0 /* Info.plist */ = {isa = PBXFileReference; lastKnownFileType = text.plist.xml; path = Info.plist; sourceTree = "<group>"; };
		D3DB7AD91CE62AF100D2C611 /* JRMAudioPlayer.h */ = {isa = PBXFileReference; fileEncoding = 4; lastKnownFileType = sourcecode.c.h; path = JRMAudioPlayer.h; sourceTree = "<group>"; };
		D3DB7ADA1CE62AF100D2C611 /* JRMAudioPlayer.m */ = {isa = PBXFileReference; fileEncoding = 4; lastKnownFileType = sourcecode.c.objc; path = JRMAudioPlayer.m; sourceTree = "<group>"; };
		D3DB7ADD1CE62F7D00D2C611 /* layer_1.mp3 */ = {isa = PBXFileReference; lastKnownFileType = audio.mp3; path = layer_1.mp3; sourceTree = "<group>"; };
		D3F17E4F1CE63B92007C805E /* layer_2.mp3 */ = {isa = PBXFileReference; lastKnownFileType = audio.mp3; path = layer_2.mp3; sourceTree = "<group>"; };
		D3F17E501CE63B92007C805E /* layer_3.mp3 */ = {isa = PBXFileReference; lastKnownFileType = audio.mp3; path = layer_3.mp3; sourceTree = "<group>"; };
/* End PBXFileReference section */

/* Begin PBXGroup section */
		8237871C1CC93CCC00D53CB0 = {
			isa = PBXGroup;
			children = (
				823787271CC93CCC00D53CB0 /* JRMBluefruit */,
				823787261CC93CCC00D53CB0 /* Products */,
				FFD2BB637AAF4B59DC7693F8 /* Pods */,
				C899DD29BD72B79A3FF56C78 /* Frameworks */,
			);
			sourceTree = "<group>";
		};
		823787261CC93CCC00D53CB0 /* Products */ = {
			isa = PBXGroup;
			children = (
				823787251CC93CCC00D53CB0 /* JRMBluefruit.app */,
			);
			name = Products;
			sourceTree = "<group>";
		};
		823787271CC93CCC00D53CB0 /* JRMBluefruit */ = {
			isa = PBXGroup;
			children = (
				8237872B1CC93CCC00D53CB0 /* AppDelegate.h */,
				8237872C1CC93CCC00D53CB0 /* AppDelegate.m */,
				8237872E1CC93CCC00D53CB0 /* ViewController.h */,
				8237872F1CC93CCC00D53CB0 /* ViewController.m */,
				D3DB7AD91CE62AF100D2C611 /* JRMAudioPlayer.h */,
				D3DB7ADA1CE62AF100D2C611 /* JRMAudioPlayer.m */,
				D3DB7ADF1CE62F8800D2C611 /* layers */,
				823787311CC93CCC00D53CB0 /* Main.storyboard */,
				823787341CC93CCC00D53CB0 /* Assets.xcassets */,
				823787361CC93CCC00D53CB0 /* LaunchScreen.storyboard */,
				823787391CC93CCC00D53CB0 /* Info.plist */,
				823787281CC93CCC00D53CB0 /* Supporting Files */,
			);
			path = JRMBluefruit;
			sourceTree = "<group>";
		};
		823787281CC93CCC00D53CB0 /* Supporting Files */ = {
			isa = PBXGroup;
			children = (
				823787291CC93CCC00D53CB0 /* main.m */,
			);
			name = "Supporting Files";
			sourceTree = "<group>";
		};
		C899DD29BD72B79A3FF56C78 /* Frameworks */ = {
			isa = PBXGroup;
			children = (
				66B3A59D2688D30F2FE5D279 /* libPods.a */,
			);
			name = Frameworks;
			sourceTree = "<group>";
		};
		D3DB7ADF1CE62F8800D2C611 /* layers */ = {
			isa = PBXGroup;
			children = (
				D3DB7ADD1CE62F7D00D2C611 /* layer_1.mp3 */,
				D3F17E4F1CE63B92007C805E /* layer_2.mp3 */,
				D3F17E501CE63B92007C805E /* layer_3.mp3 */,
			);
			name = layers;
			sourceTree = "<group>";
		};
		FFD2BB637AAF4B59DC7693F8 /* Pods */ = {
			isa = PBXGroup;
			children = (
				39DCEE5B4A8EC2675D795837 /* Pods.debug.xcconfig */,
				51AAFDDC823A080AEF20FBD8 /* Pods.release.xcconfig */,
			);
			name = Pods;
			sourceTree = "<group>";
		};
/* End PBXGroup section */

/* Begin PBXNativeTarget section */
		823787241CC93CCC00D53CB0 /* JRMBluefruit */ = {
			isa = PBXNativeTarget;
			buildConfigurationList = 8237873C1CC93CCC00D53CB0 /* Build configuration list for PBXNativeTarget "JRMBluefruit" */;
			buildPhases = (
				823787211CC93CCC00D53CB0 /* Sources */,
				823787231CC93CCC00D53CB0 /* Resources */,
			);
			buildRules = (
			);
			dependencies = (
			);
			name = JRMBluefruit;
			productName = JRMBluefruit;
			productReference = 823787251CC93CCC00D53CB0 /* JRMBluefruit.app */;
			productType = "com.apple.product-type.application";
		};
/* End PBXNativeTarget section */

/* Begin PBXProject section */
		8237871D1CC93CCC00D53CB0 /* Project object */ = {
			isa = PBXProject;
			attributes = {
				LastUpgradeCheck = 0720;
				ORGANIZATIONNAME = "Caroline Harrison";
				TargetAttributes = {
					823787241CC93CCC00D53CB0 = {
						CreatedOnToolsVersion = 7.2;
					};
				};
			};
			buildConfigurationList = 823787201CC93CCC00D53CB0 /* Build configuration list for PBXProject "JRMBluefruit" */;
			compatibilityVersion = "Xcode 3.2";
			developmentRegion = English;
			hasScannedForEncodings = 0;
			knownRegions = (
				en,
				Base,
			);
			mainGroup = 8237871C1CC93CCC00D53CB0;
			productRefGroup = 823787261CC93CCC00D53CB0 /* Products */;
			projectDirPath = "";
			projectRoot = "";
			targets = (
				823787241CC93CCC00D53CB0 /* JRMBluefruit */,
			);
		};
/* End PBXProject section */

/* Begin PBXResourcesBuildPhase section */
		823787231CC93CCC00D53CB0 /* Resources */ = {
			isa = PBXResourcesBuildPhase;
			buildActionMask = 2147483647;
			files = (
				D3F17E521CE63B92007C805E /* layer_3.mp3 in Resources */,
				823787381CC93CCC00D53CB0 /* LaunchScreen.storyboard in Resources */,
				D3F17E511CE63B92007C805E /* layer_2.mp3 in Resources */,
				823787351CC93CCC00D53CB0 /* Assets.xcassets in Resources */,
				D3DB7ADE1CE62F7D00D2C611 /* layer_1.mp3 in Resources */,
				823787331CC93CCC00D53CB0 /* Main.storyboard in Resources */,
			);
			runOnlyForDeploymentPostprocessing = 0;
		};
/* End PBXResourcesBuildPhase section */

/* Begin PBXSourcesBuildPhase section */
		823787211CC93CCC00D53CB0 /* Sources */ = {
			isa = PBXSourcesBuildPhase;
			buildActionMask = 2147483647;
			files = (
				823787301CC93CCC00D53CB0 /* ViewController.m in Sources */,
				8237872D1CC93CCC00D53CB0 /* AppDelegate.m in Sources */,
				8237872A1CC93CCC00D53CB0 /* main.m in Sources */,
				D3DB7ADB1CE62AF100D2C611 /* JRMAudioPlayer.m in Sources */,
			);
			runOnlyForDeploymentPostprocessing = 0;
		};
/* End PBXSourcesBuildPhase section */

/* Begin PBXVariantGroup section */
		823787311CC93CCC00D53CB0 /* Main.storyboard */ = {
			isa = PBXVariantGroup;
			children = (
				823787321CC93CCC00D53CB0 /* Base */,
			);
			name = Main.storyboard;
			sourceTree = "<group>";
		};
		823787361CC93CCC00D53CB0 /* LaunchScreen.storyboard */ = {
			isa = PBXVariantGroup;
			children = (
				823787371CC93CCC00D53CB0 /* Base */,
			);
			name = LaunchScreen.storyboard;
			sourceTree = "<group>";
		};
/* End PBXVariantGroup section */

/* Begin XCBuildConfiguration section */
		8237873A1CC93CCC00D53CB0 /* Debug */ = {
			isa = XCBuildConfiguration;
			buildSettings = {
				ALWAYS_SEARCH_USER_PATHS = NO;
				CLANG_CXX_LANGUAGE_STANDARD = "gnu++0x";
				CLANG_CXX_LIBRARY = "libc++";
				CLANG_ENABLE_MODULES = YES;
				CLANG_ENABLE_OBJC_ARC = YES;
				CLANG_WARN_BOOL_CONVERSION = YES;
				CLANG_WARN_CONSTANT_CONVERSION = YES;
				CLANG_WARN_DIRECT_OBJC_ISA_USAGE = YES_ERROR;
				CLANG_WARN_EMPTY_BODY = YES;
				CLANG_WARN_ENUM_CONVERSION = YES;
				CLANG_WARN_INT_CONVERSION = YES;
				CLANG_WARN_OBJC_ROOT_CLASS = YES_ERROR;
				CLANG_WARN_UNREACHABLE_CODE = YES;
				CLANG_WARN__DUPLICATE_METHOD_MATCH = YES;
				"CODE_SIGN_IDENTITY[sdk=iphoneos*]" = "iPhone Developer";
				COPY_PHASE_STRIP = NO;
				DEBUG_INFORMATION_FORMAT = dwarf;
				ENABLE_STRICT_OBJC_MSGSEND = YES;
				ENABLE_TESTABILITY = YES;
				GCC_C_LANGUAGE_STANDARD = gnu99;
				GCC_DYNAMIC_NO_PIC = NO;
				GCC_NO_COMMON_BLOCKS = YES;
				GCC_OPTIMIZATION_LEVEL = 0;
				GCC_PREPROCESSOR_DEFINITIONS = (
					"DEBUG=1",
					"$(inherited)",
				);
				GCC_WARN_64_TO_32_BIT_CONVERSION = YES;
				GCC_WARN_ABOUT_RETURN_TYPE = YES_ERROR;
				GCC_WARN_UNDECLARED_SELECTOR = YES;
				GCC_WARN_UNINITIALIZED_AUTOS = YES_AGGRESSIVE;
				GCC_WARN_UNUSED_FUNCTION = YES;
				GCC_WARN_UNUSED_VARIABLE = YES;
				IPHONEOS_DEPLOYMENT_TARGET = 9.2;
				MTL_ENABLE_DEBUG_INFO = YES;
				ONLY_ACTIVE_ARCH = YES;
				SDKROOT = iphoneos;
			};
			name = Debug;
		};
		8237873B1CC93CCC00D53CB0 /* Release */ = {
			isa = XCBuildConfiguration;
			buildSettings = {
				ALWAYS_SEARCH_USER_PATHS = NO;
				CLANG_CXX_LANGUAGE_STANDARD = "gnu++0x";
				CLANG_CXX_LIBRARY = "libc++";
				CLANG_ENABLE_MODULES = YES;
				CLANG_ENABLE_OBJC_ARC = YES;
				CLANG_WARN_BOOL_CONVERSION = YES;
				CLANG_WARN_CONSTANT_CONVERSION = YES;
				CLANG_WARN_DIRECT_OBJC_ISA_USAGE = YES_ERROR;
				CLANG_WARN_EMPTY_BODY = YES;
				CLANG_WARN_ENUM_CONVERSION = YES;
				CLANG_WARN_INT_CONVERSION = YES;
				CLANG_WARN_OBJC_ROOT_CLASS = YES_ERROR;
				CLANG_WARN_UNREACHABLE_CODE = YES;
				CLANG_WARN__DUPLICATE_METHOD_MATCH = YES;
				"CODE_SIGN_IDENTITY[sdk=iphoneos*]" = "iPhone Developer";
				COPY_PHASE_STRIP = NO;
				DEBUG_INFORMATION_FORMAT = "dwarf-with-dsym";
				ENABLE_NS_ASSERTIONS = NO;
				ENABLE_STRICT_OBJC_MSGSEND = YES;
				GCC_C_LANGUAGE_STANDARD = gnu99;
				GCC_NO_COMMON_BLOCKS = YES;
				GCC_WARN_64_TO_32_BIT_CONVERSION = YES;
				GCC_WARN_ABOUT_RETURN_TYPE = YES_ERROR;
				GCC_WARN_UNDECLARED_SELECTOR = YES;
				GCC_WARN_UNINITIALIZED_AUTOS = YES_AGGRESSIVE;
				GCC_WARN_UNUSED_FUNCTION = YES;
				GCC_WARN_UNUSED_VARIABLE = YES;
				IPHONEOS_DEPLOYMENT_TARGET = 9.2;
				MTL_ENABLE_DEBUG_INFO = NO;
				SDKROOT = iphoneos;
				VALIDATE_PRODUCT = YES;
			};
			name = Release;
		};
		8237873D1CC93CCC00D53CB0 /* Debug */ = {
			isa = XCBuildConfiguration;
			baseConfigurationReference = 39DCEE5B4A8EC2675D795837 /* Pods.debug.xcconfig */;
			buildSettings = {
				ASSETCATALOG_COMPILER_APPICON_NAME = AppIcon;
				INFOPLIST_FILE = JRMBluefruit/Info.plist;
				LD_RUNPATH_SEARCH_PATHS = "$(inherited) @executable_path/Frameworks";
				PRODUCT_BUNDLE_IDENTIFIER = "Jackrabbit-Mobile.JRMBluefruit";
				PRODUCT_NAME = "$(TARGET_NAME)";
			};
			name = Debug;
		};
		8237873E1CC93CCC00D53CB0 /* Release */ = {
			isa = XCBuildConfiguration;
			baseConfigurationReference = 51AAFDDC823A080AEF20FBD8 /* Pods.release.xcconfig */;
			buildSettings = {
				ASSETCATALOG_COMPILER_APPICON_NAME = AppIcon;
				INFOPLIST_FILE = JRMBluefruit/Info.plist;
				LD_RUNPATH_SEARCH_PATHS = "$(inherited) @executable_path/Frameworks";
				PRODUCT_BUNDLE_IDENTIFIER = "Jackrabbit-Mobile.JRMBluefruit";
				PRODUCT_NAME = "$(TARGET_NAME)";
			};
			name = Release;
		};
/* End XCBuildConfiguration section */

/* Begin XCConfigurationList section */
		823787201CC93CCC00D53CB0 /* Build configuration list for PBXProject "JRMBluefruit" */ = {
			isa = XCConfigurationList;
			buildConfigurations = (
				8237873A1CC93CCC00D53CB0 /* Debug */,
				8237873B1CC93CCC00D53CB0 /* Release */,
			);
			defaultConfigurationIsVisible = 0;
			defaultConfigurationName = Release;
		};
		8237873C1CC93CCC00D53CB0 /* Build configuration list for PBXNativeTarget "JRMBluefruit" */ = {
			isa = XCConfigurationList;
			buildConfigurations = (
				8237873D1CC93CCC00D53CB0 /* Debug */,
				8237873E1CC93CCC00D53CB0 /* Release */,
			);
			defaultConfigurationIsVisible = 0;
			defaultConfigurationName = Release;
		};
/* End XCConfigurationList section */
	};
	rootObject = 8237871D1CC93CCC00D53CB0 /* Project object */;
}
